
Microsoft Visual Studio Solution File, Format Version 12.00
# Visual Studio Version 17
VisualStudioVersion = 17.4.33205.214
MinimumVisualStudioVersion = 10.0.40219.1
Project("{8BC9CEB8-8B4A-11D0-8D11-00A0C91BC942}") = "TimeLapse", "TimeLapse.vcxproj", "{CFDD5099-789D-47B3-A9B6-C2D8AF709FBD}"
EndProject
Project("{8BC9CEB8-8B4A-11D0-8D11-00A0C91BC942}") = "TimeLapse_Example", "TimeLapse_Example\TimeLapse_Example.vcxproj", "{207BC0EF-CEB3-4C79-920C-B3EF311E9BAD}"
	ProjectSection(ProjectDependencies) = postProject
		{CFDD5099-789D-47B3-A9B6-C2D8AF709FBD} = {CFDD5099-789D-47B3-A9B6-C2D8AF709FBD}
	EndProjectSection
EndProject
Global
	GlobalSection(SolutionConfigurationPlatforms) = preSolution
		Debug|x64 = Debug|x64
		Debug|x86 = Debug|x86
		Release|x64 = Release|x64
		Release|x86 = Release|x86
	EndGlobalSection
	GlobalSection(ProjectConfigurationPlatforms) = postSolution
		{CFDD5099-789D-47B3-A9B6-C2D8AF709FBD}.Debug|x64.ActiveCfg = Debug|x64
		{CFDD5099-789D-47B3-A9B6-C2D8AF709FBD}.Debug|x64.Build.0 = Debug|x64
		{CFDD5099-789D-47B3-A9B6-C2D8AF709FBD}.Debug|x86.ActiveCfg = Debug|Win32
		{CFDD5099-789D-47B3-A9B6-C2D8AF709FBD}.Debug|x86.Build.0 = Debug|Win32
		{CFDD5099-789D-47B3-A9B6-C2D8AF709FBD}.Release|x64.ActiveCfg = Release|x64
		{CFDD5099-789D-47B3-A9B6-C2D8AF709FBD}.Release|x64.Build.0 = Release|x64
		{CFDD5099-789D-47B3-A9B6-C2D8AF709FBD}.Release|x86.ActiveCfg = Release|Win32
		{CFDD5099-789D-47B3-A9B6-C2D8AF709FBD}.Release|x86.Build.0 = Release|Win32
		{207BC0EF-CEB3-4C79-920C-B3EF311E9BAD}.Debug|x64.ActiveCfg = Debug|x64
		{207BC0EF-CEB3-4C79-920C-B3EF311E9BAD}.Debug|x64.Build.0 = Debug|x64
		{207BC0EF-CEB3-4C79-920C-B3EF311E9BAD}.Debug|x86.ActiveCfg = Debug|Win32
		{207BC0EF-CEB3-4C79-920C-B3EF311E9BAD}.Debug|x86.Build.0 = Debug|Win32
		{207BC0EF-CEB3-4C79-920C-B3EF311E9BAD}.Release|x64.ActiveCfg = Release|x64
		{207BC0EF-CEB3-4C79-920C-B3EF311E9BAD}.Release|x64.Build.0 = Release|x64
		{207BC0EF-CEB3-4C79-920C-B3EF311E9BAD}.Release|x86.ActiveCfg = Release|Win32
		{207BC0EF-CEB3-4C79-920C-B3EF311E9BAD}.Release|x86.Build.0 = Release|Win32
	EndGlobalSection
	GlobalSection(SolutionProperties) = preSolution
		HideSolutionNode = FALSE
	EndGlobalSection
	GlobalSection(ExtensibilityGlobals) = postSolution
		SolutionGuid = {BF7FD427-DBF6-444E-9BDD-B109B9EB4CFA}
	EndGlobalSection
EndGlobal
